
Microsoft Visual Studio Solution File, Format Version 12.00
# Visual Studio Version 16
VisualStudioVersion = 16.0.30611.23
MinimumVisualStudioVersion = 10.0.40219.1
Project("{FAE04EC0-301F-11D3-BF4B-00C04F79EFBC}") = "Projetmorpion", "Projetmorpion\Projetmorpion.csproj", "{8F12AD3C-E70C-4816-B33B-C3EDE169C885}"
EndProject
Global
	GlobalSection(SolutionConfigurationPlatforms) = preSolution
		Debug|Any CPU = Debug|Any CPU
		Release|Any CPU = Release|Any CPU
	EndGlobalSection
	GlobalSection(ProjectConfigurationPlatforms) = postSolution
		{8F12AD3C-E70C-4816-B33B-C3EDE169C885}.Debug|Any CPU.ActiveCfg = Debug|Any CPU
		{8F12AD3C-E70C-4816-B33B-C3EDE169C885}.Debug|Any CPU.Build.0 = Debug|Any CPU
		{8F12AD3C-E70C-4816-B33B-C3EDE169C885}.Release|Any CPU.ActiveCfg = Release|Any CPU
		{8F12AD3C-E70C-4816-B33B-C3EDE169C885}.Release|Any CPU.Build.0 = Release|Any CPU
	EndGlobalSection
	GlobalSection(SolutionProperties) = preSolution
		HideSolutionNode = FALSE
	EndGlobalSection
	GlobalSection(ExtensibilityGlobals) = postSolution
		SolutionGuid = {2D1A58D1-09EF-42EE-86DB-DD514765EF93}
	EndGlobalSection
EndGlobal
